
Microsoft Visual Studio Solution File, Format Version 12.00
# Visual Studio Version 17
VisualStudioVersion = 17.1.32407.343
MinimumVisualStudioVersion = 10.0.40219.1
Project("{FAE04EC0-301F-11D3-BF4B-00C04F79EFBC}") = "Marvel-API", "Marvel-API\Marvel-API.csproj", "{B22C56C6-E923-4BCA-89BA-8A2F4CBD2661}"
EndProject
Global
	GlobalSection(SolutionConfigurationPlatforms) = preSolution
		Debug|Any CPU = Debug|Any CPU
		Release|Any CPU = Release|Any CPU
	EndGlobalSection
	GlobalSection(ProjectConfigurationPlatforms) = postSolution
		{B22C56C6-E923-4BCA-89BA-8A2F4CBD2661}.Debug|Any CPU.ActiveCfg = Debug|Any CPU
		{B22C56C6-E923-4BCA-89BA-8A2F4CBD2661}.Debug|Any CPU.Build.0 = Debug|Any CPU
		{B22C56C6-E923-4BCA-89BA-8A2F4CBD2661}.Release|Any CPU.ActiveCfg = Release|Any CPU
		{B22C56C6-E923-4BCA-89BA-8A2F4CBD2661}.Release|Any CPU.Build.0 = Release|Any CPU
	EndGlobalSection
	GlobalSection(SolutionProperties) = preSolution
		HideSolutionNode = FALSE
	EndGlobalSection
	GlobalSection(ExtensibilityGlobals) = postSolution
		SolutionGuid = {AE021A2C-AB3C-432E-8FA0-E3E500F1B70C}
	EndGlobalSection
EndGlobal
